
Microsoft Visual Studio Solution File, Format Version 12.00
# Visual Studio Version 16
VisualStudioVersion = 16.0.29926.136
MinimumVisualStudioVersion = 10.0.40219.1
Project("{FAE04EC0-301F-11D3-BF4B-00C04F79EFBC}") = "ConsoleApp20", "ConsoleApp20\ConsoleApp20.csproj", "{E9119C20-B165-4283-9BA7-256FD4EEF824}"
EndProject
Global
	GlobalSection(SolutionConfigurationPlatforms) = preSolution
		Debug|Any CPU = Debug|Any CPU
		Release|Any CPU = Release|Any CPU
	EndGlobalSection
	GlobalSection(ProjectConfigurationPlatforms) = postSolution
		{E9119C20-B165-4283-9BA7-256FD4EEF824}.Debug|Any CPU.ActiveCfg = Debug|Any CPU
		{E9119C20-B165-4283-9BA7-256FD4EEF824}.Debug|Any CPU.Build.0 = Debug|Any CPU
		{E9119C20-B165-4283-9BA7-256FD4EEF824}.Release|Any CPU.ActiveCfg = Release|Any CPU
		{E9119C20-B165-4283-9BA7-256FD4EEF824}.Release|Any CPU.Build.0 = Release|Any CPU
	EndGlobalSection
	GlobalSection(SolutionProperties) = preSolution
		HideSolutionNode = FALSE
	EndGlobalSection
	GlobalSection(ExtensibilityGlobals) = postSolution
		SolutionGuid = {1E19D836-7DEC-4C14-A369-93759C86BA25}
	EndGlobalSection
EndGlobal
